
Microsoft Visual Studio Solution File, Format Version 12.00
# Visual Studio 15
VisualStudioVersion = 15.0.27703.2042
MinimumVisualStudioVersion = 10.0.40219.1
Project("{9A19103F-16F7-4668-BE54-9A1E7A4F7556}") = "Database", "Database\Database.csproj", "{D8B79CF6-9873-4B98-8BD1-668A65CB869C}"
EndProject
Project("{9A19103F-16F7-4668-BE54-9A1E7A4F7556}") = "Web", "Web\Web.csproj", "{6169DD75-A8B4-4C04-924A-F9CA3E03C603}"
	ProjectSection(ProjectDependencies) = postProject
		{D8B79CF6-9873-4B98-8BD1-668A65CB869C} = {D8B79CF6-9873-4B98-8BD1-668A65CB869C}
	EndProjectSection
EndProject
Global
	GlobalSection(SolutionConfigurationPlatforms) = preSolution
		Debug|Any CPU = Debug|Any CPU
		Release|Any CPU = Release|Any CPU
	EndGlobalSection
	GlobalSection(ProjectConfigurationPlatforms) = postSolution
		{D8B79CF6-9873-4B98-8BD1-668A65CB869C}.Debug|Any CPU.ActiveCfg = Debug|Any CPU
		{D8B79CF6-9873-4B98-8BD1-668A65CB869C}.Debug|Any CPU.Build.0 = Debug|Any CPU
		{D8B79CF6-9873-4B98-8BD1-668A65CB869C}.Release|Any CPU.ActiveCfg = Release|Any CPU
		{D8B79CF6-9873-4B98-8BD1-668A65CB869C}.Release|Any CPU.Build.0 = Release|Any CPU
		{6169DD75-A8B4-4C04-924A-F9CA3E03C603}.Debug|Any CPU.ActiveCfg = Debug|Any CPU
		{6169DD75-A8B4-4C04-924A-F9CA3E03C603}.Debug|Any CPU.Build.0 = Debug|Any CPU
		{6169DD75-A8B4-4C04-924A-F9CA3E03C603}.Release|Any CPU.ActiveCfg = Release|Any CPU
		{6169DD75-A8B4-4C04-924A-F9CA3E03C603}.Release|Any CPU.Build.0 = Release|Any CPU
	EndGlobalSection
	GlobalSection(SolutionProperties) = preSolution
		HideSolutionNode = FALSE
	EndGlobalSection
	GlobalSection(ExtensibilityGlobals) = postSolution
		SolutionGuid = {7F91C628-3AFC-4396-863D-1561E4B1E5FE}
	EndGlobalSection
EndGlobal
